// !$*UTF8*$!
{
	archiveVersion = 1;
	classes = {
	};
	objectVersion = 46;
	objects = {

/* Begin PBXBuildFile section */
		9AC42565147D8A25006AB344 /* UIKit.framework in Frameworks */ = {isa = PBXBuildFile; fileRef = 9AC42564147D8A25006AB344 /* UIKit.framework */; };
		9AC42567147D8A25006AB344 /* Foundation.framework in Frameworks */ = {isa = PBXBuildFile; fileRef = 9AC42566147D8A25006AB344 /* Foundation.framework */; };
		9AC42569147D8A25006AB344 /* CoreGraphics.framework in Frameworks */ = {isa = PBXBuildFile; fileRef = 9AC42568147D8A25006AB344 /* CoreGraphics.framework */; };
		9AC4256F147D8A25006AB344 /* InfoPlist.strings in Resources */ = {isa = PBXBuildFile; fileRef = 9AC4256D147D8A25006AB344 /* InfoPlist.strings */; };
		9AC42572147D8A25006AB344 /* main.m in Sources */ = {isa = PBXBuildFile; fileRef = 9AC42571147D8A25006AB344 /* main.m */; };
		9AC42575147D8A25006AB344 /* NBPTAppDelegate.m in Sources */ = {isa = PBXBuildFile; fileRef = 9AC42574147D8A25006AB344 /* NBPTAppDelegate.m */; };
		9AC42578147D8A25006AB344 /* MainWindow.xib in Resources */ = {isa = PBXBuildFile; fileRef = 9AC42576147D8A25006AB344 /* MainWindow.xib */; };
/* End PBXBuildFile section */

/* Begin PBXFileReference section */
		9AC42560147D8A25006AB344 /* NBPT.app */ = {isa = PBXFileReference; explicitFileType = wrapper.application; includeInIndex = 0; path = NBPT.app; sourceTree = BUILT_PRODUCTS_DIR; };
		9AC42564147D8A25006AB344 /* UIKit.framework */ = {isa = PBXFileReference; lastKnownFileType = wrapper.framework; name = UIKit.framework; path = System/Library/Frameworks/UIKit.framework; sourceTree = SDKROOT; };
		9AC42566147D8A25006AB344 /* Foundation.framework */ = {isa = PBXFileReference; lastKnownFileType = wrapper.framework; name = Foundation.framework; path = System/Library/Frameworks/Foundation.framework; sourceTree = SDKROOT; };
		9AC42568147D8A25006AB344 /* CoreGraphics.framework */ = {isa = PBXFileReference; lastKnownFileType = wrapper.framework; name = CoreGraphics.framework; path = System/Library/Frameworks/CoreGraphics.framework; sourceTree = SDKROOT; };
		9AC4256C147D8A25006AB344 /* NBPT-Info.plist */ = {isa = PBXFileReference; path = "NBPT-Info.plist"; sourceTree = "<group>"; };
		9AC4256E147D8A25006AB344 /* en */ = {isa = PBXFileReference; lastKnownFileType = text.plist.strings; name = en; path = en.lproj/InfoPlist.strings; sourceTree = "<group>"; };
		9AC42570147D8A25006AB344 /* NBPT-Prefix.pch */ = {isa = PBXFileReference; path = "NBPT-Prefix.pch"; sourceTree = "<group>"; };
		9AC42571147D8A25006AB344 /* main.m */ = {isa = PBXFileReference; lastKnownFileType = sourcecode.c.objc; path = main.m; sourceTree = "<group>"; };
		9AC42573147D8A25006AB344 /* NBPTAppDelegate.h */ = {isa = PBXFileReference; path = NBPTAppDelegate.h; sourceTree = "<group>"; };
		9AC42574147D8A25006AB344 /* NBPTAppDelegate.m */ = {isa = PBXFileReference; lastKnownFileType = sourcecode.c.objc; path = NBPTAppDelegate.m; sourceTree = "<group>"; };
		9AC42577147D8A25006AB344 /* en */ = {isa = PBXFileReference; lastKnownFileType = file.xib; name = en; path = en.lproj/MainWindow.xib; sourceTree = "<group>"; };
/* End PBXFileReference section */

/* Begin PBXFrameworksBuildPhase section */
		9AC4255D147D8A25006AB344 /* Frameworks */ = {
			isa = PBXFrameworksBuildPhase;
			buildActionMask = 2147483647;
			files = (
				9AC42565147D8A25006AB344 /* UIKit.framework in Frameworks */,
				9AC42567147D8A25006AB344 /* Foundation.framework in Frameworks */,
				9AC42569147D8A25006AB344 /* CoreGraphics.framework in Frameworks */,
			);
			runOnlyForDeploymentPostprocessing = 0;
		};
/* End PBXFrameworksBuildPhase section */

/* Begin PBXGroup section */
		9AC42555147D8A24006AB344 = {
			isa = PBXGroup;
			children = (
				9AC4256A147D8A25006AB344 /* NBPT */,
				9AC42563147D8A25006AB344 /* Frameworks */,
				9AC42561147D8A25006AB344 /* Products */,
			);
			sourceTree = "<group>";
		};
		9AC42561147D8A25006AB344 /* Products */ = {
			isa = PBXGroup;
			children = (
				9AC42560147D8A25006AB344 /* NBPT.app */,
			);
			name = Products;
			sourceTree = "<group>";
		};
		9AC42563147D8A25006AB344 /* Frameworks */ = {
			isa = PBXGroup;
			children = (
				9AC42564147D8A25006AB344 /* UIKit.framework */,
				9AC42566147D8A25006AB344 /* Foundation.framework */,
				9AC42568147D8A25006AB344 /* CoreGraphics.framework */,
			);
			name = Frameworks;
			sourceTree = "<group>";
		};
		9AC4256A147D8A25006AB344 /* NBPT */ = {
			isa = PBXGroup;
			children = (
				9AC42573147D8A25006AB344 /* NBPTAppDelegate.h */,
				9AC42574147D8A25006AB344 /* NBPTAppDelegate.m */,
				9AC42576147D8A25006AB344 /* MainWindow.xib */,
				9AC4256B147D8A25006AB344 /* Supporting Files */,
			);
			path = NBPT;
			sourceTree = "<group>";
		};
		9AC4256B147D8A25006AB344 /* Supporting Files */ = {
			isa = PBXGroup;
			children = (
				9AC4256C147D8A25006AB344 /* NBPT-Info.plist */,
				9AC4256D147D8A25006AB344 /* InfoPlist.strings */,
				9AC42570147D8A25006AB344 /* NBPT-Prefix.pch */,
				9AC42571147D8A25006AB344 /* main.m */,
			);
			name = "Supporting Files";
			sourceTree = "<group>";
		};
/* End PBXGroup section */

/* Begin PBXNativeTarget section */
		9AC4255F147D8A25006AB344 /* NBPT */ = {
			isa = PBXNativeTarget;
			buildConfigurationList = 9AC4257B147D8A25006AB344 /* Build configuration list for PBXNativeTarget "NBPT" */;
			buildPhases = (
				9AC4255C147D8A25006AB344 /* Sources */,
				9AC4255D147D8A25006AB344 /* Frameworks */,
				9AC4255E147D8A25006AB344 /* Resources */,
			);
			buildRules = (
			);
			dependencies = (
			);
			name = NBPT;
			productName = NBPT;
			productReference = 9AC42560147D8A25006AB344 /* NBPT.app */;
			productType = "com.apple.product-type.application";
		};
/* End PBXNativeTarget section */

/* Begin PBXProject section */
		9AC42557147D8A24006AB344 /* Project object */ = {
			isa = PBXProject;
			buildConfigurationList = 9AC4255A147D8A24006AB344 /* Build configuration list for PBXProject "NBPT" */;
			compatibilityVersion = "Xcode 3.2";
			developmentRegion = English;
			hasScannedForEncodings = 0;
			knownRegions = (
				en,
			);
			mainGroup = 9AC42555147D8A24006AB344;
			productRefGroup = 9AC42561147D8A25006AB344 /* Products */;
			projectDirPath = "";
			projectRoot = "";
			targets = (
				9AC4255F147D8A25006AB344 /* NBPT */,
			);
		};
/* End PBXProject section */

/* Begin PBXResourcesBuildPhase section */
		9AC4255E147D8A25006AB344 /* Resources */ = {
			isa = PBXResourcesBuildPhase;
			buildActionMask = 2147483647;
			files = (
				9AC4256F147D8A25006AB344 /* InfoPlist.strings in Resources */,
				9AC42578147D8A25006AB344 /* MainWindow.xib in Resources */,
			);
			runOnlyForDeploymentPostprocessing = 0;
		};
/* End PBXResourcesBuildPhase section */

/* Begin PBXSourcesBuildPhase section */
		9AC4255C147D8A25006AB344 /* Sources */ = {
			isa = PBXSourcesBuildPhase;
			buildActionMask = 2147483647;
			files = (
				9AC42572147D8A25006AB344 /* main.m in Sources */,
				9AC42575147D8A25006AB344 /* NBPTAppDelegate.m in Sources */,
			);
			runOnlyForDeploymentPostprocessing = 0;
		};
/* End PBXSourcesBuildPhase section */

/* Begin PBXVariantGroup section */
		9AC4256D147D8A25006AB344 /* InfoPlist.strings */ = {
			isa = PBXVariantGroup;
			children = (
				9AC4256E147D8A25006AB344 /* en */,
			);
			name = InfoPlist.strings;
			sourceTree = "<group>";
		};
		9AC42576147D8A25006AB344 /* MainWindow.xib */ = {
			isa = PBXVariantGroup;
			children = (
				9AC42577147D8A25006AB344 /* en */,
			);
			name = MainWindow.xib;
			sourceTree = "<group>";
		};
/* End PBXVariantGroup section */

/* Begin XCBuildConfiguration section */
		9AC42579147D8A25006AB344 /* Debug */ = {
			isa = XCBuildConfiguration;
			buildSettings = {
				ARCHS = "$(ARCHS_STANDARD_32_BIT)";
				"CODE_SIGN_IDENTITY[sdk=iphoneos*]" = "iPhone Developer";
				GCC_C_LANGUAGE_STANDARD = gnu99;
				GCC_OPTIMIZATION_LEVEL = 0;
				GCC_PREPROCESSOR_DEFINITIONS = DEBUG;
				GCC_SYMBOLS_PRIVATE_EXTERN = NO;
				GCC_VERSION = com.apple.compilers.llvmgcc42;
				GCC_WARN_ABOUT_RETURN_TYPE = YES;
				GCC_WARN_UNUSED_VARIABLE = YES;
				IPHONEOS_DEPLOYMENT_TARGET = 4.3;
				SDKROOT = iphoneos;
			};
			name = Debug;
		};
		9AC4257A147D8A25006AB344 /* Release */ = {
			isa = XCBuildConfiguration;
			buildSettings = {
				ARCHS = "$(ARCHS_STANDARD_32_BIT)";
				"CODE_SIGN_IDENTITY[sdk=iphoneos*]" = "iPhone Developer";
				GCC_C_LANGUAGE_STANDARD = gnu99;
				GCC_VERSION = com.apple.compilers.llvmgcc42;
				GCC_WARN_ABOUT_RETURN_TYPE = YES;
				GCC_WARN_UNUSED_VARIABLE = YES;
				IPHONEOS_DEPLOYMENT_TARGET = 4.3;
				OTHER_CFLAGS = "-DNS_BLOCK_ASSERTIONS=1";
				SDKROOT = iphoneos;
			};
			name = Release;
		};
		9AC4257C147D8A25006AB344 /* Debug */ = {
			isa = XCBuildConfiguration;
			buildSettings = {
				ALWAYS_SEARCH_USER_PATHS = NO;
				COPY_PHASE_STRIP = NO;
				GCC_DYNAMIC_NO_PIC = NO;
				GCC_PRECOMPILE_PREFIX_HEADER = YES;
				GCC_PREFIX_HEADER = "NBPT/NBPT-Prefix.pch";
				INFOPLIST_FILE = "NBPT/NBPT-Info.plist";
				PRODUCT_NAME = "$(TARGET_NAME)";
				WRAPPER_EXTENSION = app;
			};
			name = Debug;
		};
		9AC4257D147D8A25006AB344 /* Release */ = {
			isa = XCBuildConfiguration;
			buildSettings = {
				ALWAYS_SEARCH_USER_PATHS = NO;
				COPY_PHASE_STRIP = YES;
				GCC_PRECOMPILE_PREFIX_HEADER = YES;
				GCC_PREFIX_HEADER = "NBPT/NBPT-Prefix.pch";
				INFOPLIST_FILE = "NBPT/NBPT-Info.plist";
				PRODUCT_NAME = "$(TARGET_NAME)";
				VALIDATE_PRODUCT = YES;
				WRAPPER_EXTENSION = app;
			};
			name = Release;
		};
/* End XCBuildConfiguration section */

/* Begin XCConfigurationList section */
		9AC4255A147D8A24006AB344 /* Build configuration list for PBXProject "NBPT" */ = {
			isa = XCConfigurationList;
			buildConfigurations = (
				9AC42579147D8A25006AB344 /* Debug */,
				9AC4257A147D8A25006AB344 /* Release */,
			);
			defaultConfigurationIsVisible = 0;
			defaultConfigurationName = Release;
		};
		9AC4257B147D8A25006AB344 /* Build configuration list for PBXNativeTarget "NBPT" */ = {
			isa = XCConfigurationList;
			buildConfigurations = (
				9AC4257C147D8A25006AB344 /* Debug */,
				9AC4257D147D8A25006AB344 /* Release */,
			);
			defaultConfigurationIsVisible = 0;
		};
/* End XCConfigurationList section */
	};
	rootObject = 9AC42557147D8A24006AB344 /* Project object */;
}
